
Microsoft Visual Studio Solution File, Format Version 12.00
# Visual Studio Version 17
VisualStudioVersion = 17.2.32505.173
MinimumVisualStudioVersion = 10.0.40219.1
Project("{9A19103F-16F7-4668-BE54-9A1E7A4F7556}") = "RGBDS2CIL", "RGBDS2CIL\RGBDS2CIL.csproj", "{BBC18D65-B599-486E-960F-B8D48B68C2F7}"
EndProject
Project("{9A19103F-16F7-4668-BE54-9A1E7A4F7556}") = "Tests", "Tests\Tests.csproj", "{1B332BF7-D058-48DF-BB43-099A1325471D}"
EndProject
Project("{2150E333-8FDC-42A3-9474-1A3956D46DE8}") = "Solution Items", "Solution Items", "{32EDFC97-8631-470A-B4C5-0110048C3489}"
	ProjectSection(SolutionItems) = preProject
		.editorconfig = .editorconfig
		appveyor.yml = appveyor.yml
	EndProjectSection
EndProject
Global
	GlobalSection(SolutionConfigurationPlatforms) = preSolution
		Debug|Any CPU = Debug|Any CPU
		Release|Any CPU = Release|Any CPU
	EndGlobalSection
	GlobalSection(ProjectConfigurationPlatforms) = postSolution
		{BBC18D65-B599-486E-960F-B8D48B68C2F7}.Debug|Any CPU.ActiveCfg = Debug|Any CPU
		{BBC18D65-B599-486E-960F-B8D48B68C2F7}.Debug|Any CPU.Build.0 = Debug|Any CPU
		{BBC18D65-B599-486E-960F-B8D48B68C2F7}.Release|Any CPU.ActiveCfg = Release|Any CPU
		{BBC18D65-B599-486E-960F-B8D48B68C2F7}.Release|Any CPU.Build.0 = Release|Any CPU
		{1B332BF7-D058-48DF-BB43-099A1325471D}.Debug|Any CPU.ActiveCfg = Debug|Any CPU
		{1B332BF7-D058-48DF-BB43-099A1325471D}.Debug|Any CPU.Build.0 = Debug|Any CPU
		{1B332BF7-D058-48DF-BB43-099A1325471D}.Release|Any CPU.ActiveCfg = Release|Any CPU
		{1B332BF7-D058-48DF-BB43-099A1325471D}.Release|Any CPU.Build.0 = Release|Any CPU
	EndGlobalSection
	GlobalSection(SolutionProperties) = preSolution
		HideSolutionNode = FALSE
	EndGlobalSection
	GlobalSection(ExtensibilityGlobals) = postSolution
		SolutionGuid = {00B1863B-AF50-4330-A24B-5AFEB18A8C77}
	EndGlobalSection
EndGlobal
